# This file is automatically @generated by Poetry 2.0.1 and should not be changed by hand.

[[package]]
name = "agently-stage"
version = "0.2.0rc20250206"
description = "Agently Stage - Efficient Convenient Asynchronous and Multithreaded Programming"
optional = false
python-versions = ">=3.9"
groups = ["main"]
files = [
    {file = "agently_stage-0.2.0rc20250206-py3-none-any.whl", hash = "sha256:67980bb1ca0d14bfe2fb89b24bbb72c94897e2ec6d8f2d135fd23059eefe2c14"},
    {file = "agently_stage-0.2.0rc20250206.tar.gz", hash = "sha256:546c0f719c6857bf61f5a1375ac469b1189f0a3cef6a52370321650f2dcc2f97"},
]

[metadata]
lock-version = "2.1"
python-versions = ">=3.9"
content-hash = "b1e82d22878d249b43d2db1f0616e7c8d95f71533c3c605aae98eb134c840d00"
