# This file is automatically @generated by Poetry 2.0.1 and should not be changed by hand.

[[package]]
name = "agently-stage"
version = "0.2.0a1"
description = "Agently Stage - Efficient Convenient Asynchronous and Multithreaded Programming"
optional = false
python-versions = ">=3.9"
groups = ["main"]
files = [
    {file = "agently_stage-0.2.0a1-py3-none-any.whl", hash = "sha256:e13ba9d377c91124ed7a95dc94207ddaec05cd06cb046c2aee2e55f0dd6c4565"},
    {file = "agently_stage-0.2.0a1.tar.gz", hash = "sha256:825ccaf542fe29ee29a28945d3d06e28ea960579f5b8c99cc9c3de1b9161d212"},
]

[metadata]
lock-version = "2.1"
python-versions = ">=3.9"
content-hash = "a80b49d9bb5fb1f30135ec06ecc907e2fff427f118c3838058f84fcfdecb3021"
